Microsoft Visual Studio Solution File, Format Version 11.00
# Visual Studio 2008

Project("{51AEA1AA-7A4E-4F5A-F497-3DAA508E80D4}") = "VRPaint", "Assembly-CSharp.csproj", "{D0D5E8B6-81EA-12DD-41C6-D2ACD24B8B6F}"
EndProject
Project("{51AEA1AA-7A4E-4F5A-F497-3DAA508E80D4}") = "VRPaint", "Assembly-CSharp-Editor.csproj", "{4E189C02-57E8-67FF-CD2D-0C00260C7BD6}"
EndProject
Global
	GlobalSection(SolutionConfigurationPlatforms) = preSolution
		Debug|Any CPU = Debug|Any CPU
		Release|Any CPU = Release|Any CPU
	EndGlobalSection
	GlobalSection(ProjectConfigurationPlatforms) = postSolution
		{D0D5E8B6-81EA-12DD-41C6-D2ACD24B8B6F}.Debug|Any CPU.ActiveCfg = Debug|Any CPU
		{D0D5E8B6-81EA-12DD-41C6-D2ACD24B8B6F}.Debug|Any CPU.Build.0 = Debug|Any CPU
		{D0D5E8B6-81EA-12DD-41C6-D2ACD24B8B6F}.Release|Any CPU.ActiveCfg = Release|Any CPU
		{D0D5E8B6-81EA-12DD-41C6-D2ACD24B8B6F}.Release|Any CPU.Build.0 = Release|Any CPU
		{4E189C02-57E8-67FF-CD2D-0C00260C7BD6}.Debug|Any CPU.ActiveCfg = Debug|Any CPU
		{4E189C02-57E8-67FF-CD2D-0C00260C7BD6}.Debug|Any CPU.Build.0 = Debug|Any CPU
		{4E189C02-57E8-67FF-CD2D-0C00260C7BD6}.Release|Any CPU.ActiveCfg = Release|Any CPU
		{4E189C02-57E8-67FF-CD2D-0C00260C7BD6}.Release|Any CPU.Build.0 = Release|Any CPU
	EndGlobalSection
	GlobalSection(SolutionProperties) = preSolution
		HideSolutionNode = FALSE
	EndGlobalSection
	GlobalSection(MonoDevelopProperties) = preSolution
		StartupItem = Assembly-CSharp.csproj
	EndGlobalSection
EndGlobal
